{
  "version": 4,
  "terraform_version": "1.1.7",
  "serial": 238,
  "lineage": "aad0b99f-dc03-993b-dd26-2d343a9d4bcd",
  "outputs": {
    "arns": {
      "value": [
        "arn:aws:iam::348137144819:user/system/bg"
      ],
      "type": [
        "tuple",
        [
          "string"
        ]
      ]
    }
  },
  "resources": [
    {
      "mode": "data",
      "type": "aws_ami",
      "name": "instance_ami",
      "provider": "provider[\"registry.terraform.io/hashicorp/aws\"]",
      "instances": [
        {
          "schema_version": 0,
          "attributes": {
            "architecture": "x86_64",
            "arn": "arn:aws:ec2:us-east-2::image/ami-0489c6c0a2c0b6281",
            "block_device_mappings": [
              {
                "device_name": "/dev/xvda",
                "ebs": {
                  "delete_on_termination": "true",
                  "encrypted": "false",
                  "iops": "0",
                  "snapshot_id": "snap-0b6002cc4ac6ac5a1",
                  "throughput": "0",
                  "volume_size": "8",
                  "volume_type": "gp2"
                },
                "no_device": "",
                "virtual_name": ""
              }
            ],
            "boot_mode": "",
            "creation_date": "2022-04-19T21:03:23.000Z",
            "description": "Amazon Linux 2 AMI 2.0.20220419.0 x86_64 HVM gp2",
            "ena_support": true,
            "executable_users": null,
            "filter": [
              {
                "name": "name",
                "values": [
                  "amzn2-ami-hvm*x86_64*"
                ]
              }
            ],
            "hypervisor": "xen",
            "id": "ami-0489c6c0a2c0b6281",
            "image_id": "ami-0489c6c0a2c0b6281",
            "image_location": "amazon/amzn2-ami-hvm-2.0.20220419.0-x86_64-gp2",
            "image_owner_alias": "amazon",
            "image_type": "machine",
            "kernel_id": null,
            "most_recent": true,
            "name": "amzn2-ami-hvm-2.0.20220419.0-x86_64-gp2",
            "name_regex": null,
            "owner_id": "137112412989",
            "owners": [
              "amazon"
            ],
            "platform": null,
            "platform_details": "Linux/UNIX",
            "product_codes": [],
            "public": true,
            "ramdisk_id": null,
            "root_device_name": "/dev/xvda",
            "root_device_type": "ebs",
            "root_snapshot_id": "snap-0b6002cc4ac6ac5a1",
            "sriov_net_support": "simple",
            "state": "available",
            "state_reason": {
              "code": "UNSET",
              "message": "UNSET"
            },
            "tags": {},
            "usage_operation": "RunInstances",
            "virtualization_type": "hvm"
          },
          "sensitive_attributes": []
        }
      ]
    },
    {
      "mode": "managed",
      "type": "aws_eip",
      "name": "TestInstanceDevEIP",
      "provider": "provider[\"registry.terraform.io/hashicorp/aws\"]",
      "instances": [
        {
          "index_key": 0,
          "schema_version": 0,
          "attributes": {
            "address": null,
            "allocation_id": "eipalloc-0535749dc39a4a02f",
            "associate_with_private_ip": null,
            "association_id": "",
            "carrier_ip": "",
            "customer_owned_ip": "",
            "customer_owned_ipv4_pool": "",
            "domain": "vpc",
            "id": "eipalloc-0535749dc39a4a02f",
            "instance": "",
            "network_border_group": "us-east-2",
            "network_interface": "",
            "private_dns": null,
            "private_ip": "",
            "public_dns": "ec2-3-137-133-245.us-east-2.compute.amazonaws.com",
            "public_ip": "3.137.133.245",
            "public_ipv4_pool": "amazon",
            "tags": null,
            "tags_all": {},
            "timeouts": null,
            "vpc": true
          },
          "sensitive_attributes": [],
          "private": "eyJlMmJmYjczMC1lY2FhLTExZTYtOGY4OC0zNDM2M2JjN2M0YzAiOnsiZGVsZXRlIjoxODAwMDAwMDAwMDAsInJlYWQiOjkwMDAwMDAwMDAwMCwidXBkYXRlIjozMDAwMDAwMDAwMDB9fQ=="
        }
      ]
    },
    {
      "mode": "managed",
      "type": "aws_eip_association",
      "name": "lb_association-dev",
      "provider": "provider[\"registry.terraform.io/hashicorp/aws\"]",
      "instances": [
        {
          "index_key": 0,
          "schema_version": 0,
          "attributes": {
            "allocation_id": "eipalloc-0535749dc39a4a02f",
            "allow_reassociation": null,
            "id": "eipassoc-039722b02613cfca4",
            "instance_id": "i-0315ebf8b13a5e0ea",
            "network_interface_id": "eni-0b49f4dc2564146d2",
            "private_ip_address": "172.31.4.69",
            "public_ip": "3.137.133.245"
          },
          "sensitive_attributes": [],
          "private": "bnVsbA==",
          "dependencies": [
            "aws_eip.TestInstanceDevEIP",
            "aws_instance.TestInstanceDev",
            "data.aws_ami.instance_ami",
            "tls_private_key.aws"
          ]
        }
      ]
    },
    {
      "mode": "managed",
      "type": "aws_iam_user",
      "name": "bg",
      "provider": "provider[\"registry.terraform.io/hashicorp/aws\"]",
      "instances": [
        {
          "schema_version": 0,
          "attributes": {
            "arn": "arn:aws:iam::348137144819:user/system/bg",
            "force_destroy": false,
            "id": "bg",
            "name": "bg",
            "path": "/system/",
            "permissions_boundary": null,
            "tags": null,
            "tags_all": {},
            "unique_id": "AIDAVCDUXIHZ32E7QPLFY"
          },
          "sensitive_attributes": [],
          "private": "bnVsbA=="
        }
      ]
    },
    {
      "mode": "managed",
      "type": "aws_instance",
      "name": "TestInstanceDev",
      "provider": "provider[\"registry.terraform.io/hashicorp/aws\"]",
      "instances": [
        {
          "index_key": 0,
          "schema_version": 1,
          "attributes": {
            "ami": "ami-0489c6c0a2c0b6281",
            "arn": "arn:aws:ec2:us-east-2:348137144819:instance/i-0315ebf8b13a5e0ea",
            "associate_public_ip_address": true,
            "availability_zone": "us-east-2a",
            "capacity_reservation_specification": [
              {
                "capacity_reservation_preference": "open",
                "capacity_reservation_target": []
              }
            ],
            "cpu_core_count": 1,
            "cpu_threads_per_core": 1,
            "credit_specification": [
              {
                "cpu_credits": "standard"
              }
            ],
            "disable_api_termination": false,
            "ebs_block_device": [],
            "ebs_optimized": false,
            "enclave_options": [
              {
                "enabled": false
              }
            ],
            "ephemeral_block_device": [],
            "get_password_data": false,
            "hibernation": false,
            "host_id": null,
            "iam_instance_profile": "",
            "id": "i-0315ebf8b13a5e0ea",
            "instance_initiated_shutdown_behavior": "stop",
            "instance_state": "running",
            "instance_type": "t2.micro",
            "ipv6_address_count": 0,
            "ipv6_addresses": [],
            "key_name": "tutorial",
            "launch_template": [],
            "metadata_options": [
              {
                "http_endpoint": "enabled",
                "http_put_response_hop_limit": 1,
                "http_tokens": "optional",
                "instance_metadata_tags": "disabled"
              }
            ],
            "monitoring": false,
            "network_interface": [],
            "outpost_arn": "",
            "password_data": "",
            "placement_group": "",
            "placement_partition_number": null,
            "primary_network_interface_id": "eni-0b49f4dc2564146d2",
            "private_dns": "ip-172-31-4-69.us-east-2.compute.internal",
            "private_ip": "172.31.4.69",
            "public_dns": "ec2-3-144-109-134.us-east-2.compute.amazonaws.com",
            "public_ip": "3.144.109.134",
            "root_block_device": [
              {
                "delete_on_termination": true,
                "device_name": "/dev/xvda",
                "encrypted": false,
                "iops": 100,
                "kms_key_id": "",
                "tags": {},
                "throughput": 0,
                "volume_id": "vol-0628ac15cf3301c03",
                "volume_size": 8,
                "volume_type": "gp2"
              }
            ],
            "secondary_private_ips": [],
            "security_groups": [
              "bg_rules"
            ],
            "source_dest_check": true,
            "subnet_id": "subnet-32a42959",
            "tags": {
              "Environment": "DEV",
              "Name": "TestInstanceDev-0",
              "Owner": "BG-DEV"
            },
            "tags_all": {
              "Environment": "DEV",
              "Name": "TestInstanceDev-0",
              "Owner": "BG-DEV"
            },
            "tenancy": "default",
            "timeouts": null,
            "user_data": null,
            "user_data_base64": null,
            "volume_tags": null,
            "vpc_security_group_ids": [
              "sg-0f7b3320bb0c7695a"
            ]
          },
          "sensitive_attributes": [],
          "private": "eyJlMmJmYjczMC1lY2FhLTExZTYtOGY4OC0zNDM2M2JjN2M0YzAiOnsiY3JlYXRlIjo2MDAwMDAwMDAwMDAsImRlbGV0ZSI6MTIwMDAwMDAwMDAwMCwidXBkYXRlIjo2MDAwMDAwMDAwMDB9LCJzY2hlbWFfdmVyc2lvbiI6IjEifQ==",
          "dependencies": [
            "data.aws_ami.instance_ami",
            "tls_private_key.aws"
          ]
        }
      ]
    },
    {
      "mode": "managed",
      "type": "aws_key_pair",
      "name": "tutorial",
      "provider": "provider[\"registry.terraform.io/hashicorp/aws\"]",
      "instances": [
        {
          "schema_version": 1,
          "attributes": {
            "arn": "arn:aws:ec2:us-east-2:348137144819:key-pair/tutorial",
            "fingerprint": "8a:2e:35:ad:a0:1b:53:50:51:e7:ec:b3:4d:30:53:34",
            "id": "tutorial",
            "key_name": "tutorial",
            "key_name_prefix": "",
            "key_pair_id": "key-07645951cf30704b3",
            "public_key": "ssh-rsa AAAAB3NzaC1yc2EAAAADAQABAAACAQCgPEhv2laQ3uCXLXRBL6pOhqwpGFck9XB+V/343Xz5ufVu9zO7D8On2yHhUSALuZbi6bHJTFELsrMWVm5UH75//Z9McnHdqe9Bfp2uxXzhvfGdjjX2fw5uXtKVEMiFwBTvyjyeeqNWFuhXEwuVC8Z0tqa5TwTdF1lxnAH452KdubBvCvBDIkblKnqqtGFpQfy9U+k2DqZAaUXmDNhP2dACPrysqUTtsHA+E8RhssDbyEEtiWFxnW71l6AtAnj5bR98FuoRaQZPYfMM6IeITIi1nmStOClA8/DmVmjo/dfS5Xj5vxWcNitOmAO829LS+qvKdJMOkRRjnYVNAyXj7bgme8xYQBCGkjlSeT9ru/siJNSK6L7Fg/zl4S9lG9Hfv/HvwTKkx7GDIUHQo+DNRJEuJcA/PVQiDaPyh1FVNs3J23VMzIfHbrgZzClKvb2ODvbilItJwKHBTuoo6uxclca+gCk21j95CgKpCxsESSaHjqVTngJ042dPqDzCK8+o4IL29UNBeEItgOoS0NFrY7U62EL89nLSlrav/0rOm19vgqanTLEL1M32xBJFrtzJ76j/IwS8ch0FvkY7tK0mAlXimBQMCo1/wVbgd41iQJdCuYvMEEzHVhneLw+xLDLqu2RlzS/Ftbh7KiL5TliwdXhd3TtUc8wR4DP3roTtkxAIgw==",
            "tags": null,
            "tags_all": {}
          },
          "sensitive_attributes": [],
          "private": "eyJzY2hlbWFfdmVyc2lvbiI6IjEifQ==",
          "dependencies": [
            "tls_private_key.aws"
          ]
        }
      ]
    },
    {
      "mode": "managed",
      "type": "aws_s3_bucket",
      "name": "mys3",
      "provider": "provider[\"registry.terraform.io/hashicorp/aws\"]",
      "instances": [
        {
          "schema_version": 0,
          "attributes": {
            "acceleration_status": "",
            "acl": "private",
            "arn": "arn:aws:s3:::bg-s3bucket-demo",
            "bucket": "bg-s3bucket-demo",
            "bucket_domain_name": "bg-s3bucket-demo.s3.amazonaws.com",
            "bucket_prefix": null,
            "bucket_regional_domain_name": "bg-s3bucket-demo.s3.us-east-2.amazonaws.com",
            "cors_rule": [],
            "force_destroy": false,
            "grant": [],
            "hosted_zone_id": "Z2O1EMRO9K5GLX",
            "id": "bg-s3bucket-demo",
            "lifecycle_rule": [],
            "logging": [],
            "object_lock_configuration": [],
            "policy": "",
            "region": "us-east-2",
            "replication_configuration": [],
            "request_payer": "BucketOwner",
            "server_side_encryption_configuration": [],
            "tags": null,
            "tags_all": {},
            "versioning": [
              {
                "enabled": false,
                "mfa_delete": false
              }
            ],
            "website": [],
            "website_domain": null,
            "website_endpoint": null
          },
          "sensitive_attributes": [],
          "private": "bnVsbA=="
        }
      ]
    },
    {
      "mode": "managed",
      "type": "aws_security_group",
      "name": "bg_rules",
      "provider": "provider[\"registry.terraform.io/hashicorp/aws\"]",
      "instances": [
        {
          "schema_version": 1,
          "attributes": {
            "arn": "arn:aws:ec2:us-east-2:348137144819:security-group/sg-0f7b3320bb0c7695a",
            "description": "Managed by Terraform",
            "egress": [
              {
                "cidr_blocks": [
                  "0.0.0.0/0"
                ],
                "description": "Allow All Outbound",
                "from_port": 0,
                "ipv6_cidr_blocks": [
                  "::/0"
                ],
                "prefix_list_ids": [],
                "protocol": "-1",
                "security_groups": [],
                "self": false,
                "to_port": 0
              }
            ],
            "id": "sg-0f7b3320bb0c7695a",
            "ingress": [
              {
                "cidr_blocks": [
                  "0.0.0.0/0"
                ],
                "description": "",
                "from_port": 22,
                "ipv6_cidr_blocks": [],
                "prefix_list_ids": [],
                "protocol": "tcp",
                "security_groups": [],
                "self": false,
                "to_port": 22
              },
              {
                "cidr_blocks": [
                  "0.0.0.0/0"
                ],
                "description": "",
                "from_port": 443,
                "ipv6_cidr_blocks": [],
                "prefix_list_ids": [],
                "protocol": "tcp",
                "security_groups": [],
                "self": false,
                "to_port": 443
              },
              {
                "cidr_blocks": [
                  "0.0.0.0/0"
                ],
                "description": "",
                "from_port": 80,
                "ipv6_cidr_blocks": [],
                "prefix_list_ids": [],
                "protocol": "tcp",
                "security_groups": [],
                "self": false,
                "to_port": 80
              }
            ],
            "name": "bg_rules",
            "name_prefix": "",
            "owner_id": "348137144819",
            "revoke_rules_on_delete": false,
            "tags": null,
            "tags_all": {},
            "timeouts": null,
            "vpc_id": "vpc-f9630692"
          },
          "sensitive_attributes": [],
          "private": "eyJlMmJmYjczMC1lY2FhLTExZTYtOGY4OC0zNDM2M2JjN2M0YzAiOnsiY3JlYXRlIjo2MDAwMDAwMDAwMDAsImRlbGV0ZSI6OTAwMDAwMDAwMDAwfSwic2NoZW1hX3ZlcnNpb24iOiIxIn0="
        }
      ]
    },
    {
      "mode": "managed",
      "type": "tls_private_key",
      "name": "aws",
      "provider": "provider[\"registry.terraform.io/hashicorp/tls\"]",
      "instances": [
        {
          "schema_version": 0,
          "attributes": {
            "algorithm": "RSA",
            "ecdsa_curve": "P224",
            "id": "61e42b39d74521feb3b66d7178d6e27c725d964a",
            "private_key_pem": "-----BEGIN RSA PRIVATE KEY-----\nMIIJKAIBAAKCAgEAoDxIb9pWkN7gly10QS+qToasKRhXJPVwflf9+N18+bn1bvcz\nuw/Dp9sh4VEgC7mW4umxyUxRC7KzFlZuVB++f/2fTHJx3anvQX6drsV84b3xnY41\n9n8Obl7SlRDIhcAU78o8nnqjVhboVxMLlQvGdLamuU8E3RdZcZwB+Odinbmwbwrw\nQyJG5Sp6qrRhaUH8vVPpNg6mQGlF5gzYT9nQAj68rKlE7bBwPhPEYbLA28hBLYlh\ncZ1u9ZegLQJ4+W0ffBbqEWkGT2HzDOiHiEyItZ5krTgpQPPw5lZo6P3X0uV4+b8V\nnDYrTpgDvNvS0vqrynSTDpEUY52FTQMl4+24JnvMWEAQhpI5Unk/a7v7IiTUiui+\nxYP85eEvZRvR37/x78EypMexgyFB0KPgzUSRLiXAPz1UIg2j8odRVTbNydt1TMyH\nx264GcwpSr29jg724pSLScChwU7qKOrsXJXGvoApNtY/eQoCqQsbBEkmh46lU54C\ndONnT6g8wivPqOCC9vVDQXhCLYDqEtDRa2O1OthC/PZy0pa2r/9Kzptfb4Kmp0yx\nC9TN9sQSRa7cye+o/yMEvHIdBb5GO7StJgJV4pgUDAqNf8FW4HeNYkCXQrmLzBBM\nx1YZ3i8PsSwy6rtkZc0vxbW4eyoi+U5YsHV4Xd07VHPMEeAz966E7ZMQCIMCAwEA\nAQKCAgBrDDr8dupUOIHknZpIHlbxxSjo/3jgmRRBY/mpNBdVIrXkH0QxGXQGBPCa\nfb8h9ifmimea6uBOJ2Fbb/yfOOHk0gSFZwPJKclMgRFI/GjUyzfKoYJNnk5+z9xx\nd9fu+wdBt2NOIPJUBlPMME4Rkd9Qg+HYdQDzz7CSpL3wkmygoLhNRwqCXzjryrhO\nqNlXH52AwrlPwvOwnmPzL+unVQWRKmaUFzWUccZawov1FR2g9yUMDfbKl3nUmyqI\nR1mYkR1yokBXx0lO6Uod+o7pMPA4HYx26Mkuuona6CmIVmXEYEe02cLPLKU8CXSd\nzGIJTyxLwhuopKXxcv/mFk9O+baG+I4/Za5V4T5UqnMTdspXAOgrFQ5aVDqiktkX\nUvN+UhlQm+zdUhygsKORFZSojwB6xGXeo9M9kd9EIEhNfGymCWjGy2wBsQ498SaW\nS95D/3j/4Tb0CFCCYmHjeMOjcluJWWwd8wfwVbLN/x+YLDQwJjL5H7o5GaGPnrvO\nFKTwCPYRX5xjSZsErjLyczFXKTLTVAQPvXpb8j1l7hnz+rFsLB1+3neIG87ooKhB\ncmXBGWQS7yxtG4bAPKxOqPnNAuxsD5nphAy5bA4gnPeMzSv6hD59SCFjO+EpMdts\nzmh0O/2Lf2UbTkQespz8dbjQ76ooaF3uSQsMS97b2cbc+koA+QKCAQEAzkwd3gh2\n9aAvYmbtzSXi/dKKP4E3a7Ac58N4EgURIQhGLgoT5bW7/EB81hn1NQtBMCPV5sgn\nN4nJxd6NjFLLzvvnSajl+ZcbVgBGg0j2X9oxCrPY2kHWrxDWrWXGWrC0ntBg6IyK\n9y4geD02uE7K00+ob4L7w4kA/XP7GLiTZXmIFnSgaMhTmEuYClNensOiS3Eh8cHX\nBZs1USC6UAblAwj2XuRWp13ePTeTeEVzk+LrPKgQQAxPaDLzSygOH3NoBSKtVpDp\n5ffeXoLUE/Ow3jqQWpYsDeXzDVNWCG69A8Uv8RPz76BuZr+kR/fsXlX1meVfoH0f\nlOvou6iZ7PbtHQKCAQEAxtcw58QcCIJwgUrKOcIBXw/rJgrh7pHqXqEseOr25bvk\nxkU0BUJFTdnYFH34xtUx63xvFOWtN21ATeKofEJMB7LCq6wawgj8dChOcR8smPCx\nUKQjSPbD9u1NJkz8k7icXahh1ckJEMVwMql28AM1LxZccosjkl9d95CZvvCVSoqE\nCFcEbLpxCQgAtlIdAlllGmQtuKN6vGiJPIo6J+SeaoiYXaUYvo+OWkJ/ZhpUvm3x\nmAz/4NzbPvh3a6m+E+LRae0Z1k0pDpB804Buv47p/8v9AjS4AcLvpUREHXkxUoE/\nVpIoswG844Buq/DHsHdPuFOnl6G7fwzRarJsMBf6HwKCAQALBgo6iR1CNtMRYQqo\nAbRFd/CnQBJkEL8aq1lJLTgjGbwWTbeOeM2YxyFkl3KA6R8MoX2WnW9rClPb3O6X\nZv05DEDpsLrJQYfWaqFZ9pYjvRcNyVp3HzmHlVDDZ0LYKcUdD2l+Q7RRTQezJSI9\nawhvjjwj6U3mvvVslbv/MC3AKGRbPtQrhTjiVHfFZXsS5MVRXrQ/pOoGhKqusR8D\nk7q9FMeFfpIa02tCviuFK8DnUCLd1OU5Zu7/VGmnxHYsvA/85kN48rls7nfVeQw4\nHLeAyIRaMtgbzgPU3HUmcjRrdSgAq95HGb2MhAUVS2w4BkPfe2BGxSjg3lJLZNEE\n1pUJAoIBACAK022105KnenvLUpVGJzRre0hRHqF0UCFZtbHyo0DYK4Cr7Dsgt8xY\n25JJzoo0FuxMzBXBAU3aRC+I4//KKzheXTKO9GzqR8xsJl/iVyx6NQi6upjqcx/a\nk8ElTNp9OG17UfDCibxzJKZ1Wp5I1gw1fUZUF7JhveHEIpJ7cINnmOlDJIpk7Qw4\nhuzahKQ5RaqgFCIZ7hBohB0GZWLCW6jtRChrD3a96YGwD5mjip55VyJaje1ticM3\nBP+Lhf7sYTTBqZU4L/KR5ButKaui2yCGfcoaNsDJ6hZmztc1DXavL0bDHN3j3M2I\nh80bawKL54PbrzknLfDGXwTjpb2GT58CggEBAK2b8vY2PnfWO5KlVXoWLDhKEyMH\nI7AEyaG5Iiihw8SF8jEZDI6aZ0f6VFBOrQ3RAArtNqVCSAElq7Yofv+HDJLLGD1o\nSuk8edNsuA3ZmTCj5sa3bX3xqcI+v1e6zWKzd/KOfaR86GZi/Ry+FD7N7ASIURl5\nrKvgNY8eIez85Mms0bnVkv7L4K+Cj9HHRvia1byGaPkwLv96tDsP+ziFqrmBNo/2\npYrdrzqiPaCrAZg92arc4zNAMl2vXT8OqbyCzRCrrc9PCmy7uwXDaVF8Ehe0td9i\nTQbMvgsPp/e4V/NnCUHASLH9ExRWatThr7Q4vXtzwIQ8IvuVVM3xU46Dus8=\n-----END RSA PRIVATE KEY-----\n",
            "public_key_fingerprint_md5": "bb:32:7d:ea:63:95:43:ad:bf:06:01:a7:4b:61:83:11",
            "public_key_openssh": "ssh-rsa AAAAB3NzaC1yc2EAAAADAQABAAACAQCgPEhv2laQ3uCXLXRBL6pOhqwpGFck9XB+V/343Xz5ufVu9zO7D8On2yHhUSALuZbi6bHJTFELsrMWVm5UH75//Z9McnHdqe9Bfp2uxXzhvfGdjjX2fw5uXtKVEMiFwBTvyjyeeqNWFuhXEwuVC8Z0tqa5TwTdF1lxnAH452KdubBvCvBDIkblKnqqtGFpQfy9U+k2DqZAaUXmDNhP2dACPrysqUTtsHA+E8RhssDbyEEtiWFxnW71l6AtAnj5bR98FuoRaQZPYfMM6IeITIi1nmStOClA8/DmVmjo/dfS5Xj5vxWcNitOmAO829LS+qvKdJMOkRRjnYVNAyXj7bgme8xYQBCGkjlSeT9ru/siJNSK6L7Fg/zl4S9lG9Hfv/HvwTKkx7GDIUHQo+DNRJEuJcA/PVQiDaPyh1FVNs3J23VMzIfHbrgZzClKvb2ODvbilItJwKHBTuoo6uxclca+gCk21j95CgKpCxsESSaHjqVTngJ042dPqDzCK8+o4IL29UNBeEItgOoS0NFrY7U62EL89nLSlrav/0rOm19vgqanTLEL1M32xBJFrtzJ76j/IwS8ch0FvkY7tK0mAlXimBQMCo1/wVbgd41iQJdCuYvMEEzHVhneLw+xLDLqu2RlzS/Ftbh7KiL5TliwdXhd3TtUc8wR4DP3roTtkxAIgw==\n",
            "public_key_pem": "-----BEGIN PUBLIC KEY-----\nMIICIjANBgkqhkiG9w0BAQEFAAOCAg8AMIICCgKCAgEAoDxIb9pWkN7gly10QS+q\nToasKRhXJPVwflf9+N18+bn1bvczuw/Dp9sh4VEgC7mW4umxyUxRC7KzFlZuVB++\nf/2fTHJx3anvQX6drsV84b3xnY419n8Obl7SlRDIhcAU78o8nnqjVhboVxMLlQvG\ndLamuU8E3RdZcZwB+OdinbmwbwrwQyJG5Sp6qrRhaUH8vVPpNg6mQGlF5gzYT9nQ\nAj68rKlE7bBwPhPEYbLA28hBLYlhcZ1u9ZegLQJ4+W0ffBbqEWkGT2HzDOiHiEyI\ntZ5krTgpQPPw5lZo6P3X0uV4+b8VnDYrTpgDvNvS0vqrynSTDpEUY52FTQMl4+24\nJnvMWEAQhpI5Unk/a7v7IiTUiui+xYP85eEvZRvR37/x78EypMexgyFB0KPgzUSR\nLiXAPz1UIg2j8odRVTbNydt1TMyHx264GcwpSr29jg724pSLScChwU7qKOrsXJXG\nvoApNtY/eQoCqQsbBEkmh46lU54CdONnT6g8wivPqOCC9vVDQXhCLYDqEtDRa2O1\nOthC/PZy0pa2r/9Kzptfb4Kmp0yxC9TN9sQSRa7cye+o/yMEvHIdBb5GO7StJgJV\n4pgUDAqNf8FW4HeNYkCXQrmLzBBMx1YZ3i8PsSwy6rtkZc0vxbW4eyoi+U5YsHV4\nXd07VHPMEeAz966E7ZMQCIMCAwEAAQ==\n-----END PUBLIC KEY-----\n",
            "rsa_bits": 4096
          },
          "sensitive_attributes": [],
          "private": "bnVsbA=="
        }
      ]
    }
  ]
}
